
Microsoft Visual Studio Solution File, Format Version 12.00
# Visual Studio Version 17
VisualStudioVersion = 17.0.31903.59
MinimumVisualStudioVersion = 10.0.40219.1
Project("{FAE04EC0-301F-11D3-BF4B-00C04F79EFBC}") = "GoodGradesBlazor", "GoodGradesBlazor\GoodGradesBlazor.csproj", "{D26A8A78-B518-4B9D-8025-01145BFEFADA}"
EndProject
Project("{FAE04EC0-301F-11D3-BF4B-00C04F79EFBC}") = "GoodGradesConsole", "GoodGradesConsole\GoodGradesConsole.csproj", "{53E75F29-67C0-40B8-8CC1-3D7DF6927DEA}"
EndProject
Project("{FAE04EC0-301F-11D3-BF4B-00C04F79EFBC}") = "GoodGradesLogic", "GoodGradesLogic\GoodGradesLogic.csproj", "{FE0DB37C-DE39-4CD0-BF42-6C160F62E201}"
EndProject
Project("{FAE04EC0-301F-11D3-BF4B-00C04F79EFBC}") = "GoodGradesTests", "GoodGradesTests\GoodGradesTests.csproj", "{16B64E0B-570F-49AF-960B-9C931D6D5658}"
EndProject
Global
	GlobalSection(SolutionConfigurationPlatforms) = preSolution
		Debug|Any CPU = Debug|Any CPU
		Release|Any CPU = Release|Any CPU
	EndGlobalSection
	GlobalSection(SolutionProperties) = preSolution
		HideSolutionNode = FALSE
	EndGlobalSection
	GlobalSection(ProjectConfigurationPlatforms) = postSolution
		{D26A8A78-B518-4B9D-8025-01145BFEFADA}.Debug|Any CPU.ActiveCfg = Debug|Any CPU
		{D26A8A78-B518-4B9D-8025-01145BFEFADA}.Debug|Any CPU.Build.0 = Debug|Any CPU
		{D26A8A78-B518-4B9D-8025-01145BFEFADA}.Release|Any CPU.ActiveCfg = Release|Any CPU
		{D26A8A78-B518-4B9D-8025-01145BFEFADA}.Release|Any CPU.Build.0 = Release|Any CPU
		{53E75F29-67C0-40B8-8CC1-3D7DF6927DEA}.Debug|Any CPU.ActiveCfg = Debug|Any CPU
		{53E75F29-67C0-40B8-8CC1-3D7DF6927DEA}.Debug|Any CPU.Build.0 = Debug|Any CPU
		{53E75F29-67C0-40B8-8CC1-3D7DF6927DEA}.Release|Any CPU.ActiveCfg = Release|Any CPU
		{53E75F29-67C0-40B8-8CC1-3D7DF6927DEA}.Release|Any CPU.Build.0 = Release|Any CPU
		{FE0DB37C-DE39-4CD0-BF42-6C160F62E201}.Debug|Any CPU.ActiveCfg = Debug|Any CPU
		{FE0DB37C-DE39-4CD0-BF42-6C160F62E201}.Debug|Any CPU.Build.0 = Debug|Any CPU
		{FE0DB37C-DE39-4CD0-BF42-6C160F62E201}.Release|Any CPU.ActiveCfg = Release|Any CPU
		{FE0DB37C-DE39-4CD0-BF42-6C160F62E201}.Release|Any CPU.Build.0 = Release|Any CPU
		{16B64E0B-570F-49AF-960B-9C931D6D5658}.Debug|Any CPU.ActiveCfg = Debug|Any CPU
		{16B64E0B-570F-49AF-960B-9C931D6D5658}.Debug|Any CPU.Build.0 = Debug|Any CPU
		{16B64E0B-570F-49AF-960B-9C931D6D5658}.Release|Any CPU.ActiveCfg = Release|Any CPU
		{16B64E0B-570F-49AF-960B-9C931D6D5658}.Release|Any CPU.Build.0 = Release|Any CPU
	EndGlobalSection
EndGlobal
